
Microsoft Visual Studio Solution File, Format Version 12.00
# Visual Studio Version 16
VisualStudioVersion = 16.0.29123.88
MinimumVisualStudioVersion = 10.0.40219.1
Project("{8BC9CEB8-8B4A-11D0-8D11-00A0C91BC942}") = "w1_1_QuickFind", "Week1_QuickFind\Week1_QuickFind.vcxproj", "{AA54F10F-42F1-411D-8653-E65FE8170C57}"
EndProject
Project("{8BC9CEB8-8B4A-11D0-8D11-00A0C91BC942}") = "w1_2_QuickUnion_Lazy", "Week1_QuickUnion_Lazy\Week1_QuickUnion_Lazy.vcxproj", "{A3293D6C-2AE3-4AC8-9BFB-995BEF166775}"
EndProject
Project("{8BC9CEB8-8B4A-11D0-8D11-00A0C91BC942}") = "w1_3_WeightedQuickUnion", "Week1_WeightedQuickUnion\Week1_WeightedQuickUnion.vcxproj", "{F6EF42CE-097D-4E75-ACEF-AC168A384FF2}"
EndProject
Project("{8BC9CEB8-8B4A-11D0-8D11-00A0C91BC942}") = "w1_4_QuickUnion_PathCompress", "QuickUnion_PathCompress\QuickUnion_PathCompress.vcxproj", "{D31985EE-A7BC-4EE8-A97B-2040C877D618}"
EndProject
Project("{8BC9CEB8-8B4A-11D0-8D11-00A0C91BC942}") = "w2_1_stacks", "w2_1_stacks\w2_1_stacks.vcxproj", "{7F19C0D6-7049-4B31-AAB6-42846995D8C7}"
EndProject
Project("{8BC9CEB8-8B4A-11D0-8D11-00A0C91BC942}") = "w2_2_queue", "w2_2_queue\w2_2_queue.vcxproj", "{ACD84F64-E269-45B2-889B-150AC29B2F5B}"
EndProject
Project("{8BC9CEB8-8B4A-11D0-8D11-00A0C91BC942}") = "w2_3_Dijkstra_two_stack_algo", "w2_3_Dijkstra_two_stack_algo\w2_3_Dijkstra_two_stack_algo.vcxproj", "{7F60723E-B311-40CE-97CE-036BACB0BBBB}"
EndProject
Project("{8BC9CEB8-8B4A-11D0-8D11-00A0C91BC942}") = "w3_1_SelectionSort", "w3_1_SelectionSort\w3_1_SelectionSort.vcxproj", "{A06ED0F5-2DD0-4E9C-9FD0-863CEBB85015}"
EndProject
Project("{8BC9CEB8-8B4A-11D0-8D11-00A0C91BC942}") = "w3_2_InsertionSort", "w3_2_InsertionSort\w3_2_InsertionSort.vcxproj", "{10B43AE1-C8E4-4399-A8BD-8D3D5A513643}"
EndProject
Project("{8BC9CEB8-8B4A-11D0-8D11-00A0C91BC942}") = "w3_3_ShellSort", "w3_3_ShellSort\w3_3_ShellSort.vcxproj", "{CB2A716D-F525-4897-85B0-80A8C7BDA649}"
EndProject
Project("{8BC9CEB8-8B4A-11D0-8D11-00A0C91BC942}") = "w3_4_shuffling", "w3_4_shuffling\w3_4_shuffling.vcxproj", "{B18C115A-8E60-461A-B838-932296702F4A}"
EndProject
Project("{8BC9CEB8-8B4A-11D0-8D11-00A0C91BC942}") = "w3_5_ConvexHull", "w4_5_ConvecHull\w4_5_ConvecHull.vcxproj", "{EEAA1D7F-0362-4EA1-BF49-79D46F598152}"
EndProject
Project("{8BC9CEB8-8B4A-11D0-8D11-00A0C91BC942}") = "w3_6_MergeSort", "w4_6_MergeSort\w4_6_MergeSort.vcxproj", "{D0C868D9-3DE7-4CDB-A8FC-65CA53095A0D}"
EndProject
Project("{8BC9CEB8-8B4A-11D0-8D11-00A0C91BC942}") = "w3_7_QuickSort", "w3_7_QuickSort\w3_7_QuickSort.vcxproj", "{1FD9E5BB-871E-4CEE-81EA-6CB6AD6DB9A0}"
EndProject
Project("{8BC9CEB8-8B4A-11D0-8D11-00A0C91BC942}") = "w3_8_quick_selection", "w3_8_quick_selection\w3_8_quick_selection.vcxproj", "{BAFDB86E-BB6D-44EB-AD27-746B737035E9}"
EndProject
Project("{8BC9CEB8-8B4A-11D0-8D11-00A0C91BC942}") = "w3_9_3way_partition", "w4_9_3way_partition\w4_9_3way_partition.vcxproj", "{3A8E7CA1-3E8C-4257-B4C3-F6AE03957214}"
EndProject
Project("{8BC9CEB8-8B4A-11D0-8D11-00A0C91BC942}") = "w4_1_BinaryHeap", "w4_1_BinaryHeap\w4_1_BinaryHeap.vcxproj", "{B89872E9-6B85-4AEE-90B7-4296AF94ED53}"
EndProject
Project("{8BC9CEB8-8B4A-11D0-8D11-00A0C91BC942}") = "w4_2_BinarySearchTree", "w4_2_BinarySearchTree\w4_2_BinarySearchTree.vcxproj", "{C06B79BE-7D03-449D-8BF0-66CFB3109D04}"
EndProject
Project("{8BC9CEB8-8B4A-11D0-8D11-00A0C91BC942}") = "w5_2_RedBlackTree", "w4_3_RedBlackTree\w4_3_RedBlackTree.vcxproj", "{6E02B0FA-37F6-4A53-853C-783CF0529082}"
EndProject
Project("{8BC9CEB8-8B4A-11D0-8D11-00A0C91BC942}") = "w5_1_2-3SearchTree", "w5_1_2-3SearchTree\w5_1_2-3SearchTree.vcxproj", "{20346E7B-45C2-4847-AC33-3922204E3121}"
EndProject
Project("{8BC9CEB8-8B4A-11D0-8D11-00A0C91BC942}") = "w7_1_DFS_graph", "w7_1_DFS\w7_1_DFS.vcxproj", "{A3D7CB93-5111-4580-B1E6-EC1978E352EB}"
EndProject
Project("{8BC9CEB8-8B4A-11D0-8D11-00A0C91BC942}") = "w7_2_BFS_graph", "w7_2_BFS\w7_2_BFS.vcxproj", "{0B28537E-4597-4A83-AD3F-3E47D6806F22}"
EndProject
Project("{8BC9CEB8-8B4A-11D0-8D11-00A0C91BC942}") = "w7_3_ConnectedComponents", "w7_3_ConnectedComponents\w7_3_ConnectedComponents.vcxproj", "{762913D8-B0AC-452C-AB33-D586F419F6F7}"
EndProject
Project("{8BC9CEB8-8B4A-11D0-8D11-00A0C91BC942}") = "w7_4_DFS_digraph", "w7_4_DFS_digraph\w7_4_DFS_digraph.vcxproj", "{4D1EDDAF-4E16-4DD3-8FC9-E99A710BDC94}"
EndProject
Project("{8BC9CEB8-8B4A-11D0-8D11-00A0C91BC942}") = "w7_5_BFS_digraph", "w7_5_BFS_digraph\w7_5_BFS_digraph.vcxproj", "{80551136-79FA-4C51-BD4D-0AD1FA92C20F}"
EndProject
Project("{8BC9CEB8-8B4A-11D0-8D11-00A0C91BC942}") = "w7_6_TopologicalSort", "w7_6_TopologicalSort\w7_6_TopologicalSort.vcxproj", "{FA56D6A6-42DC-426D-A75B-545D48138C76}"
EndProject
Project("{8BC9CEB8-8B4A-11D0-8D11-00A0C91BC942}") = "w7_7_DirectedCycle", "w7_7_DirectedCycle\w7_7_DirectedCycle.vcxproj", "{844FF55E-3928-4DE2-9534-B12ECBD5A4B8}"
EndProject
Project("{8BC9CEB8-8B4A-11D0-8D11-00A0C91BC942}") = "w7_8_TopologicalSort_Queue_Imp", "w7_8_TopologicalSort_Queue_Imp\w7_8_TopologicalSort_Queue_Imp.vcxproj", "{B24B7D61-8873-47D8-8352-9411ACE2F132}"
EndProject
Project("{8BC9CEB8-8B4A-11D0-8D11-00A0C91BC942}") = "w7_9_StrongConnectComponent", "w7_9_StrongConnectComponent\w7_9_StrongConnectComponent.vcxproj", "{FDF845B7-8FC8-4F48-B0C5-DF792603DD38}"
EndProject
Project("{8BC9CEB8-8B4A-11D0-8D11-00A0C91BC942}") = "w8_1_Prim_LazyImp", "w8_1_Prim_LazyImp\w8_1_Prim_LazyImp.vcxproj", "{933EDC5A-62E8-493B-A12F-0503C008B079}"
EndProject
Project("{8BC9CEB8-8B4A-11D0-8D11-00A0C91BC942}") = "w8_2_Prim_EagerImp", "w8_2_Prim_EagerImp\w8_2_Prim_EagerImp.vcxproj", "{C369981E-06F1-4FE3-A218-0AE1C9CB2ABA}"
EndProject
Project("{8BC9CEB8-8B4A-11D0-8D11-00A0C91BC942}") = "w8_3_Kruskal", "w8_3_Kruskal\w8_3_Kruskal.vcxproj", "{69C9B294-BAA9-443E-A068-6778FE48E457}"
EndProject
Project("{8BC9CEB8-8B4A-11D0-8D11-00A0C91BC942}") = "w8_4_Dijkstra_ShortestPath", "w8_4_Dijkstra_ShortestPath\w8_4_Dijkstra_ShortestPath.vcxproj", "{5F1F0F32-463C-44D4-BE01-9DE30C092EF6}"
EndProject
Project("{8BC9CEB8-8B4A-11D0-8D11-00A0C91BC942}") = "w8_5_CriticalPathMethod_book", "w8_5_CriticalPathMethod_book\w8_5_CriticalPathMethod_book.vcxproj", "{6C29D3F7-2B71-47A2-B842-36720A47CEC6}"
EndProject
Project("{8BC9CEB8-8B4A-11D0-8D11-00A0C91BC942}") = "w8_6_BellmanFord_NoQueue", "w8_6_BellmanFord_NoQueue\w8_6_BellmanFord_NoQueue.vcxproj", "{95963745-D3B9-43B3-9D46-A194BD31C087}"
EndProject
Project("{8BC9CEB8-8B4A-11D0-8D11-00A0C91BC942}") = "w8_7_ArbitrageDetection_book", "w8_7_ArbitrageDetection\w8_7_ArbitrageDetection.vcxproj", "{DA39334A-8454-4903-888D-24B34C0139E6}"
EndProject
Project("{8BC9CEB8-8B4A-11D0-8D11-00A0C91BC942}") = "w8_8_BellmanFord_Queue", "w8_8_BellmanFord_Queue\w8_8_BellmanFord_Queue.vcxproj", "{00157A96-5561-4F4E-BA0A-2CB9460328DD}"
EndProject
Project("{8BC9CEB8-8B4A-11D0-8D11-00A0C91BC942}") = "w9_1_FordFulkerso_book", "w9_1_FordFulkerso\w9_1_FordFulkerso.vcxproj", "{CE672DAD-A76F-4916-8FEB-451099D9737E}"
EndProject
Project("{8BC9CEB8-8B4A-11D0-8D11-00A0C91BC942}") = "w9_2_KeyIndexCounting", "w9_2_KeyIndexCounting\w9_2_KeyIndexCounting.vcxproj", "{8FACF3C6-4FA3-4003-BF03-15C25E050EE4}"
EndProject
Project("{8BC9CEB8-8B4A-11D0-8D11-00A0C91BC942}") = "w9_3_LSDRadixSort", "w9_3_LSDRadixSort\w9_3_LSDRadixSort.vcxproj", "{164023C3-98FE-423E-93C6-9D917A232824}"
EndProject
Project("{8BC9CEB8-8B4A-11D0-8D11-00A0C91BC942}") = "w9_4_MSDRadixSort", "w9_4_MSDRadixSort\w9_4_MSDRadixSort.vcxproj", "{480A8E5E-1740-46E6-9ACB-31863E86D394}"
EndProject
Global
	GlobalSection(SolutionConfigurationPlatforms) = preSolution
		Debug|Win32 = Debug|Win32
		Debug|x64 = Debug|x64
		Release|Win32 = Release|Win32
		Release|x64 = Release|x64
	EndGlobalSection
	GlobalSection(ProjectConfigurationPlatforms) = postSolution
		{AA54F10F-42F1-411D-8653-E65FE8170C57}.Debug|Win32.ActiveCfg = Debug|Win32
		{AA54F10F-42F1-411D-8653-E65FE8170C57}.Debug|Win32.Build.0 = Debug|Win32
		{AA54F10F-42F1-411D-8653-E65FE8170C57}.Debug|x64.ActiveCfg = Debug|Win32
		{AA54F10F-42F1-411D-8653-E65FE8170C57}.Release|Win32.ActiveCfg = Release|Win32
		{AA54F10F-42F1-411D-8653-E65FE8170C57}.Release|Win32.Build.0 = Release|Win32
		{AA54F10F-42F1-411D-8653-E65FE8170C57}.Release|x64.ActiveCfg = Release|Win32
		{A3293D6C-2AE3-4AC8-9BFB-995BEF166775}.Debug|Win32.ActiveCfg = Debug|Win32
		{A3293D6C-2AE3-4AC8-9BFB-995BEF166775}.Debug|Win32.Build.0 = Debug|Win32
		{A3293D6C-2AE3-4AC8-9BFB-995BEF166775}.Debug|x64.ActiveCfg = Debug|Win32
		{A3293D6C-2AE3-4AC8-9BFB-995BEF166775}.Release|Win32.ActiveCfg = Release|Win32
		{A3293D6C-2AE3-4AC8-9BFB-995BEF166775}.Release|Win32.Build.0 = Release|Win32
		{A3293D6C-2AE3-4AC8-9BFB-995BEF166775}.Release|x64.ActiveCfg = Release|Win32
		{F6EF42CE-097D-4E75-ACEF-AC168A384FF2}.Debug|Win32.ActiveCfg = Debug|Win32
		{F6EF42CE-097D-4E75-ACEF-AC168A384FF2}.Debug|Win32.Build.0 = Debug|Win32
		{F6EF42CE-097D-4E75-ACEF-AC168A384FF2}.Debug|x64.ActiveCfg = Debug|Win32
		{F6EF42CE-097D-4E75-ACEF-AC168A384FF2}.Release|Win32.ActiveCfg = Release|Win32
		{F6EF42CE-097D-4E75-ACEF-AC168A384FF2}.Release|Win32.Build.0 = Release|Win32
		{F6EF42CE-097D-4E75-ACEF-AC168A384FF2}.Release|x64.ActiveCfg = Release|Win32
		{D31985EE-A7BC-4EE8-A97B-2040C877D618}.Debug|Win32.ActiveCfg = Debug|Win32
		{D31985EE-A7BC-4EE8-A97B-2040C877D618}.Debug|Win32.Build.0 = Debug|Win32
		{D31985EE-A7BC-4EE8-A97B-2040C877D618}.Debug|x64.ActiveCfg = Debug|Win32
		{D31985EE-A7BC-4EE8-A97B-2040C877D618}.Release|Win32.ActiveCfg = Release|Win32
		{D31985EE-A7BC-4EE8-A97B-2040C877D618}.Release|Win32.Build.0 = Release|Win32
		{D31985EE-A7BC-4EE8-A97B-2040C877D618}.Release|x64.ActiveCfg = Release|Win32
		{7F19C0D6-7049-4B31-AAB6-42846995D8C7}.Debug|Win32.ActiveCfg = Debug|Win32
		{7F19C0D6-7049-4B31-AAB6-42846995D8C7}.Debug|Win32.Build.0 = Debug|Win32
		{7F19C0D6-7049-4B31-AAB6-42846995D8C7}.Debug|x64.ActiveCfg = Debug|Win32
		{7F19C0D6-7049-4B31-AAB6-42846995D8C7}.Release|Win32.ActiveCfg = Release|Win32
		{7F19C0D6-7049-4B31-AAB6-42846995D8C7}.Release|Win32.Build.0 = Release|Win32
		{7F19C0D6-7049-4B31-AAB6-42846995D8C7}.Release|x64.ActiveCfg = Release|Win32
		{ACD84F64-E269-45B2-889B-150AC29B2F5B}.Debug|Win32.ActiveCfg = Debug|Win32
		{ACD84F64-E269-45B2-889B-150AC29B2F5B}.Debug|Win32.Build.0 = Debug|Win32
		{ACD84F64-E269-45B2-889B-150AC29B2F5B}.Debug|x64.ActiveCfg = Debug|Win32
		{ACD84F64-E269-45B2-889B-150AC29B2F5B}.Release|Win32.ActiveCfg = Release|Win32
		{ACD84F64-E269-45B2-889B-150AC29B2F5B}.Release|Win32.Build.0 = Release|Win32
		{ACD84F64-E269-45B2-889B-150AC29B2F5B}.Release|x64.ActiveCfg = Release|Win32
		{7F60723E-B311-40CE-97CE-036BACB0BBBB}.Debug|Win32.ActiveCfg = Debug|Win32
		{7F60723E-B311-40CE-97CE-036BACB0BBBB}.Debug|Win32.Build.0 = Debug|Win32
		{7F60723E-B311-40CE-97CE-036BACB0BBBB}.Debug|x64.ActiveCfg = Debug|Win32
		{7F60723E-B311-40CE-97CE-036BACB0BBBB}.Release|Win32.ActiveCfg = Release|Win32
		{7F60723E-B311-40CE-97CE-036BACB0BBBB}.Release|Win32.Build.0 = Release|Win32
		{7F60723E-B311-40CE-97CE-036BACB0BBBB}.Release|x64.ActiveCfg = Release|Win32
		{A06ED0F5-2DD0-4E9C-9FD0-863CEBB85015}.Debug|Win32.ActiveCfg = Debug|Win32
		{A06ED0F5-2DD0-4E9C-9FD0-863CEBB85015}.Debug|Win32.Build.0 = Debug|Win32
		{A06ED0F5-2DD0-4E9C-9FD0-863CEBB85015}.Debug|x64.ActiveCfg = Debug|Win32
		{A06ED0F5-2DD0-4E9C-9FD0-863CEBB85015}.Release|Win32.ActiveCfg = Release|Win32
		{A06ED0F5-2DD0-4E9C-9FD0-863CEBB85015}.Release|Win32.Build.0 = Release|Win32
		{A06ED0F5-2DD0-4E9C-9FD0-863CEBB85015}.Release|x64.ActiveCfg = Release|Win32
		{10B43AE1-C8E4-4399-A8BD-8D3D5A513643}.Debug|Win32.ActiveCfg = Debug|Win32
		{10B43AE1-C8E4-4399-A8BD-8D3D5A513643}.Debug|Win32.Build.0 = Debug|Win32
		{10B43AE1-C8E4-4399-A8BD-8D3D5A513643}.Debug|x64.ActiveCfg = Debug|Win32
		{10B43AE1-C8E4-4399-A8BD-8D3D5A513643}.Release|Win32.ActiveCfg = Release|Win32
		{10B43AE1-C8E4-4399-A8BD-8D3D5A513643}.Release|Win32.Build.0 = Release|Win32
		{10B43AE1-C8E4-4399-A8BD-8D3D5A513643}.Release|x64.ActiveCfg = Release|Win32
		{CB2A716D-F525-4897-85B0-80A8C7BDA649}.Debug|Win32.ActiveCfg = Debug|Win32
		{CB2A716D-F525-4897-85B0-80A8C7BDA649}.Debug|Win32.Build.0 = Debug|Win32
		{CB2A716D-F525-4897-85B0-80A8C7BDA649}.Debug|x64.ActiveCfg = Debug|Win32
		{CB2A716D-F525-4897-85B0-80A8C7BDA649}.Release|Win32.ActiveCfg = Release|Win32
		{CB2A716D-F525-4897-85B0-80A8C7BDA649}.Release|Win32.Build.0 = Release|Win32
		{CB2A716D-F525-4897-85B0-80A8C7BDA649}.Release|x64.ActiveCfg = Release|Win32
		{B18C115A-8E60-461A-B838-932296702F4A}.Debug|Win32.ActiveCfg = Debug|Win32
		{B18C115A-8E60-461A-B838-932296702F4A}.Debug|Win32.Build.0 = Debug|Win32
		{B18C115A-8E60-461A-B838-932296702F4A}.Debug|x64.ActiveCfg = Debug|Win32
		{B18C115A-8E60-461A-B838-932296702F4A}.Release|Win32.ActiveCfg = Release|Win32
		{B18C115A-8E60-461A-B838-932296702F4A}.Release|Win32.Build.0 = Release|Win32
		{B18C115A-8E60-461A-B838-932296702F4A}.Release|x64.ActiveCfg = Release|Win32
		{EEAA1D7F-0362-4EA1-BF49-79D46F598152}.Debug|Win32.ActiveCfg = Debug|Win32
		{EEAA1D7F-0362-4EA1-BF49-79D46F598152}.Debug|Win32.Build.0 = Debug|Win32
		{EEAA1D7F-0362-4EA1-BF49-79D46F598152}.Debug|x64.ActiveCfg = Debug|Win32
		{EEAA1D7F-0362-4EA1-BF49-79D46F598152}.Release|Win32.ActiveCfg = Release|Win32
		{EEAA1D7F-0362-4EA1-BF49-79D46F598152}.Release|Win32.Build.0 = Release|Win32
		{EEAA1D7F-0362-4EA1-BF49-79D46F598152}.Release|x64.ActiveCfg = Release|Win32
		{D0C868D9-3DE7-4CDB-A8FC-65CA53095A0D}.Debug|Win32.ActiveCfg = Debug|Win32
		{D0C868D9-3DE7-4CDB-A8FC-65CA53095A0D}.Debug|Win32.Build.0 = Debug|Win32
		{D0C868D9-3DE7-4CDB-A8FC-65CA53095A0D}.Debug|x64.ActiveCfg = Debug|Win32
		{D0C868D9-3DE7-4CDB-A8FC-65CA53095A0D}.Release|Win32.ActiveCfg = Release|Win32
		{D0C868D9-3DE7-4CDB-A8FC-65CA53095A0D}.Release|Win32.Build.0 = Release|Win32
		{D0C868D9-3DE7-4CDB-A8FC-65CA53095A0D}.Release|x64.ActiveCfg = Release|Win32
		{1FD9E5BB-871E-4CEE-81EA-6CB6AD6DB9A0}.Debug|Win32.ActiveCfg = Debug|Win32
		{1FD9E5BB-871E-4CEE-81EA-6CB6AD6DB9A0}.Debug|Win32.Build.0 = Debug|Win32
		{1FD9E5BB-871E-4CEE-81EA-6CB6AD6DB9A0}.Debug|x64.ActiveCfg = Debug|Win32
		{1FD9E5BB-871E-4CEE-81EA-6CB6AD6DB9A0}.Release|Win32.ActiveCfg = Release|Win32
		{1FD9E5BB-871E-4CEE-81EA-6CB6AD6DB9A0}.Release|Win32.Build.0 = Release|Win32
		{1FD9E5BB-871E-4CEE-81EA-6CB6AD6DB9A0}.Release|x64.ActiveCfg = Release|Win32
		{BAFDB86E-BB6D-44EB-AD27-746B737035E9}.Debug|Win32.ActiveCfg = Debug|Win32
		{BAFDB86E-BB6D-44EB-AD27-746B737035E9}.Debug|Win32.Build.0 = Debug|Win32
		{BAFDB86E-BB6D-44EB-AD27-746B737035E9}.Debug|x64.ActiveCfg = Debug|Win32
		{BAFDB86E-BB6D-44EB-AD27-746B737035E9}.Release|Win32.ActiveCfg = Release|Win32
		{BAFDB86E-BB6D-44EB-AD27-746B737035E9}.Release|Win32.Build.0 = Release|Win32
		{BAFDB86E-BB6D-44EB-AD27-746B737035E9}.Release|x64.ActiveCfg = Release|Win32
		{3A8E7CA1-3E8C-4257-B4C3-F6AE03957214}.Debug|Win32.ActiveCfg = Debug|Win32
		{3A8E7CA1-3E8C-4257-B4C3-F6AE03957214}.Debug|Win32.Build.0 = Debug|Win32
		{3A8E7CA1-3E8C-4257-B4C3-F6AE03957214}.Debug|x64.ActiveCfg = Debug|Win32
		{3A8E7CA1-3E8C-4257-B4C3-F6AE03957214}.Release|Win32.ActiveCfg = Release|Win32
		{3A8E7CA1-3E8C-4257-B4C3-F6AE03957214}.Release|Win32.Build.0 = Release|Win32
		{3A8E7CA1-3E8C-4257-B4C3-F6AE03957214}.Release|x64.ActiveCfg = Release|Win32
		{B89872E9-6B85-4AEE-90B7-4296AF94ED53}.Debug|Win32.ActiveCfg = Debug|Win32
		{B89872E9-6B85-4AEE-90B7-4296AF94ED53}.Debug|Win32.Build.0 = Debug|Win32
		{B89872E9-6B85-4AEE-90B7-4296AF94ED53}.Debug|x64.ActiveCfg = Debug|Win32
		{B89872E9-6B85-4AEE-90B7-4296AF94ED53}.Release|Win32.ActiveCfg = Release|Win32
		{B89872E9-6B85-4AEE-90B7-4296AF94ED53}.Release|Win32.Build.0 = Release|Win32
		{B89872E9-6B85-4AEE-90B7-4296AF94ED53}.Release|x64.ActiveCfg = Release|Win32
		{C06B79BE-7D03-449D-8BF0-66CFB3109D04}.Debug|Win32.ActiveCfg = Debug|Win32
		{C06B79BE-7D03-449D-8BF0-66CFB3109D04}.Debug|Win32.Build.0 = Debug|Win32
		{C06B79BE-7D03-449D-8BF0-66CFB3109D04}.Debug|x64.ActiveCfg = Debug|Win32
		{C06B79BE-7D03-449D-8BF0-66CFB3109D04}.Release|Win32.ActiveCfg = Release|Win32
		{C06B79BE-7D03-449D-8BF0-66CFB3109D04}.Release|Win32.Build.0 = Release|Win32
		{C06B79BE-7D03-449D-8BF0-66CFB3109D04}.Release|x64.ActiveCfg = Release|Win32
		{6E02B0FA-37F6-4A53-853C-783CF0529082}.Debug|Win32.ActiveCfg = Debug|Win32
		{6E02B0FA-37F6-4A53-853C-783CF0529082}.Debug|Win32.Build.0 = Debug|Win32
		{6E02B0FA-37F6-4A53-853C-783CF0529082}.Debug|x64.ActiveCfg = Debug|x64
		{6E02B0FA-37F6-4A53-853C-783CF0529082}.Debug|x64.Build.0 = Debug|x64
		{6E02B0FA-37F6-4A53-853C-783CF0529082}.Release|Win32.ActiveCfg = Release|Win32
		{6E02B0FA-37F6-4A53-853C-783CF0529082}.Release|Win32.Build.0 = Release|Win32
		{6E02B0FA-37F6-4A53-853C-783CF0529082}.Release|x64.ActiveCfg = Release|x64
		{6E02B0FA-37F6-4A53-853C-783CF0529082}.Release|x64.Build.0 = Release|x64
		{20346E7B-45C2-4847-AC33-3922204E3121}.Debug|Win32.ActiveCfg = Debug|Win32
		{20346E7B-45C2-4847-AC33-3922204E3121}.Debug|Win32.Build.0 = Debug|Win32
		{20346E7B-45C2-4847-AC33-3922204E3121}.Debug|x64.ActiveCfg = Debug|x64
		{20346E7B-45C2-4847-AC33-3922204E3121}.Debug|x64.Build.0 = Debug|x64
		{20346E7B-45C2-4847-AC33-3922204E3121}.Release|Win32.ActiveCfg = Release|Win32
		{20346E7B-45C2-4847-AC33-3922204E3121}.Release|Win32.Build.0 = Release|Win32
		{20346E7B-45C2-4847-AC33-3922204E3121}.Release|x64.ActiveCfg = Release|x64
		{20346E7B-45C2-4847-AC33-3922204E3121}.Release|x64.Build.0 = Release|x64
		{A3D7CB93-5111-4580-B1E6-EC1978E352EB}.Debug|Win32.ActiveCfg = Debug|Win32
		{A3D7CB93-5111-4580-B1E6-EC1978E352EB}.Debug|Win32.Build.0 = Debug|Win32
		{A3D7CB93-5111-4580-B1E6-EC1978E352EB}.Debug|x64.ActiveCfg = Debug|x64
		{A3D7CB93-5111-4580-B1E6-EC1978E352EB}.Debug|x64.Build.0 = Debug|x64
		{A3D7CB93-5111-4580-B1E6-EC1978E352EB}.Release|Win32.ActiveCfg = Release|Win32
		{A3D7CB93-5111-4580-B1E6-EC1978E352EB}.Release|Win32.Build.0 = Release|Win32
		{A3D7CB93-5111-4580-B1E6-EC1978E352EB}.Release|x64.ActiveCfg = Release|x64
		{A3D7CB93-5111-4580-B1E6-EC1978E352EB}.Release|x64.Build.0 = Release|x64
		{0B28537E-4597-4A83-AD3F-3E47D6806F22}.Debug|Win32.ActiveCfg = Debug|Win32
		{0B28537E-4597-4A83-AD3F-3E47D6806F22}.Debug|Win32.Build.0 = Debug|Win32
		{0B28537E-4597-4A83-AD3F-3E47D6806F22}.Debug|x64.ActiveCfg = Debug|x64
		{0B28537E-4597-4A83-AD3F-3E47D6806F22}.Debug|x64.Build.0 = Debug|x64
		{0B28537E-4597-4A83-AD3F-3E47D6806F22}.Release|Win32.ActiveCfg = Release|Win32
		{0B28537E-4597-4A83-AD3F-3E47D6806F22}.Release|Win32.Build.0 = Release|Win32
		{0B28537E-4597-4A83-AD3F-3E47D6806F22}.Release|x64.ActiveCfg = Release|x64
		{0B28537E-4597-4A83-AD3F-3E47D6806F22}.Release|x64.Build.0 = Release|x64
		{762913D8-B0AC-452C-AB33-D586F419F6F7}.Debug|Win32.ActiveCfg = Debug|Win32
		{762913D8-B0AC-452C-AB33-D586F419F6F7}.Debug|Win32.Build.0 = Debug|Win32
		{762913D8-B0AC-452C-AB33-D586F419F6F7}.Debug|x64.ActiveCfg = Debug|x64
		{762913D8-B0AC-452C-AB33-D586F419F6F7}.Debug|x64.Build.0 = Debug|x64
		{762913D8-B0AC-452C-AB33-D586F419F6F7}.Release|Win32.ActiveCfg = Release|Win32
		{762913D8-B0AC-452C-AB33-D586F419F6F7}.Release|Win32.Build.0 = Release|Win32
		{762913D8-B0AC-452C-AB33-D586F419F6F7}.Release|x64.ActiveCfg = Release|x64
		{762913D8-B0AC-452C-AB33-D586F419F6F7}.Release|x64.Build.0 = Release|x64
		{4D1EDDAF-4E16-4DD3-8FC9-E99A710BDC94}.Debug|Win32.ActiveCfg = Debug|Win32
		{4D1EDDAF-4E16-4DD3-8FC9-E99A710BDC94}.Debug|Win32.Build.0 = Debug|Win32
		{4D1EDDAF-4E16-4DD3-8FC9-E99A710BDC94}.Debug|x64.ActiveCfg = Debug|x64
		{4D1EDDAF-4E16-4DD3-8FC9-E99A710BDC94}.Debug|x64.Build.0 = Debug|x64
		{4D1EDDAF-4E16-4DD3-8FC9-E99A710BDC94}.Release|Win32.ActiveCfg = Release|Win32
		{4D1EDDAF-4E16-4DD3-8FC9-E99A710BDC94}.Release|Win32.Build.0 = Release|Win32
		{4D1EDDAF-4E16-4DD3-8FC9-E99A710BDC94}.Release|x64.ActiveCfg = Release|x64
		{4D1EDDAF-4E16-4DD3-8FC9-E99A710BDC94}.Release|x64.Build.0 = Release|x64
		{80551136-79FA-4C51-BD4D-0AD1FA92C20F}.Debug|Win32.ActiveCfg = Debug|Win32
		{80551136-79FA-4C51-BD4D-0AD1FA92C20F}.Debug|Win32.Build.0 = Debug|Win32
		{80551136-79FA-4C51-BD4D-0AD1FA92C20F}.Debug|x64.ActiveCfg = Debug|x64
		{80551136-79FA-4C51-BD4D-0AD1FA92C20F}.Debug|x64.Build.0 = Debug|x64
		{80551136-79FA-4C51-BD4D-0AD1FA92C20F}.Release|Win32.ActiveCfg = Release|Win32
		{80551136-79FA-4C51-BD4D-0AD1FA92C20F}.Release|Win32.Build.0 = Release|Win32
		{80551136-79FA-4C51-BD4D-0AD1FA92C20F}.Release|x64.ActiveCfg = Release|x64
		{80551136-79FA-4C51-BD4D-0AD1FA92C20F}.Release|x64.Build.0 = Release|x64
		{FA56D6A6-42DC-426D-A75B-545D48138C76}.Debug|Win32.ActiveCfg = Debug|Win32
		{FA56D6A6-42DC-426D-A75B-545D48138C76}.Debug|Win32.Build.0 = Debug|Win32
		{FA56D6A6-42DC-426D-A75B-545D48138C76}.Debug|x64.ActiveCfg = Debug|x64
		{FA56D6A6-42DC-426D-A75B-545D48138C76}.Debug|x64.Build.0 = Debug|x64
		{FA56D6A6-42DC-426D-A75B-545D48138C76}.Release|Win32.ActiveCfg = Release|Win32
		{FA56D6A6-42DC-426D-A75B-545D48138C76}.Release|Win32.Build.0 = Release|Win32
		{FA56D6A6-42DC-426D-A75B-545D48138C76}.Release|x64.ActiveCfg = Release|x64
		{FA56D6A6-42DC-426D-A75B-545D48138C76}.Release|x64.Build.0 = Release|x64
		{844FF55E-3928-4DE2-9534-B12ECBD5A4B8}.Debug|Win32.ActiveCfg = Debug|Win32
		{844FF55E-3928-4DE2-9534-B12ECBD5A4B8}.Debug|Win32.Build.0 = Debug|Win32
		{844FF55E-3928-4DE2-9534-B12ECBD5A4B8}.Debug|x64.ActiveCfg = Debug|x64
		{844FF55E-3928-4DE2-9534-B12ECBD5A4B8}.Debug|x64.Build.0 = Debug|x64
		{844FF55E-3928-4DE2-9534-B12ECBD5A4B8}.Release|Win32.ActiveCfg = Release|Win32
		{844FF55E-3928-4DE2-9534-B12ECBD5A4B8}.Release|Win32.Build.0 = Release|Win32
		{844FF55E-3928-4DE2-9534-B12ECBD5A4B8}.Release|x64.ActiveCfg = Release|x64
		{844FF55E-3928-4DE2-9534-B12ECBD5A4B8}.Release|x64.Build.0 = Release|x64
		{B24B7D61-8873-47D8-8352-9411ACE2F132}.Debug|Win32.ActiveCfg = Debug|Win32
		{B24B7D61-8873-47D8-8352-9411ACE2F132}.Debug|Win32.Build.0 = Debug|Win32
		{B24B7D61-8873-47D8-8352-9411ACE2F132}.Debug|x64.ActiveCfg = Debug|x64
		{B24B7D61-8873-47D8-8352-9411ACE2F132}.Debug|x64.Build.0 = Debug|x64
		{B24B7D61-8873-47D8-8352-9411ACE2F132}.Release|Win32.ActiveCfg = Release|Win32
		{B24B7D61-8873-47D8-8352-9411ACE2F132}.Release|Win32.Build.0 = Release|Win32
		{B24B7D61-8873-47D8-8352-9411ACE2F132}.Release|x64.ActiveCfg = Release|x64
		{B24B7D61-8873-47D8-8352-9411ACE2F132}.Release|x64.Build.0 = Release|x64
		{FDF845B7-8FC8-4F48-B0C5-DF792603DD38}.Debug|Win32.ActiveCfg = Debug|Win32
		{FDF845B7-8FC8-4F48-B0C5-DF792603DD38}.Debug|Win32.Build.0 = Debug|Win32
		{FDF845B7-8FC8-4F48-B0C5-DF792603DD38}.Debug|x64.ActiveCfg = Debug|x64
		{FDF845B7-8FC8-4F48-B0C5-DF792603DD38}.Debug|x64.Build.0 = Debug|x64
		{FDF845B7-8FC8-4F48-B0C5-DF792603DD38}.Release|Win32.ActiveCfg = Release|Win32
		{FDF845B7-8FC8-4F48-B0C5-DF792603DD38}.Release|Win32.Build.0 = Release|Win32
		{FDF845B7-8FC8-4F48-B0C5-DF792603DD38}.Release|x64.ActiveCfg = Release|x64
		{FDF845B7-8FC8-4F48-B0C5-DF792603DD38}.Release|x64.Build.0 = Release|x64
		{933EDC5A-62E8-493B-A12F-0503C008B079}.Debug|Win32.ActiveCfg = Debug|Win32
		{933EDC5A-62E8-493B-A12F-0503C008B079}.Debug|Win32.Build.0 = Debug|Win32
		{933EDC5A-62E8-493B-A12F-0503C008B079}.Debug|x64.ActiveCfg = Debug|x64
		{933EDC5A-62E8-493B-A12F-0503C008B079}.Debug|x64.Build.0 = Debug|x64
		{933EDC5A-62E8-493B-A12F-0503C008B079}.Release|Win32.ActiveCfg = Release|Win32
		{933EDC5A-62E8-493B-A12F-0503C008B079}.Release|Win32.Build.0 = Release|Win32
		{933EDC5A-62E8-493B-A12F-0503C008B079}.Release|x64.ActiveCfg = Release|x64
		{933EDC5A-62E8-493B-A12F-0503C008B079}.Release|x64.Build.0 = Release|x64
		{C369981E-06F1-4FE3-A218-0AE1C9CB2ABA}.Debug|Win32.ActiveCfg = Debug|Win32
		{C369981E-06F1-4FE3-A218-0AE1C9CB2ABA}.Debug|Win32.Build.0 = Debug|Win32
		{C369981E-06F1-4FE3-A218-0AE1C9CB2ABA}.Debug|x64.ActiveCfg = Debug|x64
		{C369981E-06F1-4FE3-A218-0AE1C9CB2ABA}.Debug|x64.Build.0 = Debug|x64
		{C369981E-06F1-4FE3-A218-0AE1C9CB2ABA}.Release|Win32.ActiveCfg = Release|Win32
		{C369981E-06F1-4FE3-A218-0AE1C9CB2ABA}.Release|Win32.Build.0 = Release|Win32
		{C369981E-06F1-4FE3-A218-0AE1C9CB2ABA}.Release|x64.ActiveCfg = Release|x64
		{C369981E-06F1-4FE3-A218-0AE1C9CB2ABA}.Release|x64.Build.0 = Release|x64
		{69C9B294-BAA9-443E-A068-6778FE48E457}.Debug|Win32.ActiveCfg = Debug|Win32
		{69C9B294-BAA9-443E-A068-6778FE48E457}.Debug|Win32.Build.0 = Debug|Win32
		{69C9B294-BAA9-443E-A068-6778FE48E457}.Debug|x64.ActiveCfg = Debug|x64
		{69C9B294-BAA9-443E-A068-6778FE48E457}.Debug|x64.Build.0 = Debug|x64
		{69C9B294-BAA9-443E-A068-6778FE48E457}.Release|Win32.ActiveCfg = Release|Win32
		{69C9B294-BAA9-443E-A068-6778FE48E457}.Release|Win32.Build.0 = Release|Win32
		{69C9B294-BAA9-443E-A068-6778FE48E457}.Release|x64.ActiveCfg = Release|x64
		{69C9B294-BAA9-443E-A068-6778FE48E457}.Release|x64.Build.0 = Release|x64
		{5F1F0F32-463C-44D4-BE01-9DE30C092EF6}.Debug|Win32.ActiveCfg = Debug|Win32
		{5F1F0F32-463C-44D4-BE01-9DE30C092EF6}.Debug|Win32.Build.0 = Debug|Win32
		{5F1F0F32-463C-44D4-BE01-9DE30C092EF6}.Debug|x64.ActiveCfg = Debug|x64
		{5F1F0F32-463C-44D4-BE01-9DE30C092EF6}.Debug|x64.Build.0 = Debug|x64
		{5F1F0F32-463C-44D4-BE01-9DE30C092EF6}.Release|Win32.ActiveCfg = Release|Win32
		{5F1F0F32-463C-44D4-BE01-9DE30C092EF6}.Release|Win32.Build.0 = Release|Win32
		{5F1F0F32-463C-44D4-BE01-9DE30C092EF6}.Release|x64.ActiveCfg = Release|x64
		{5F1F0F32-463C-44D4-BE01-9DE30C092EF6}.Release|x64.Build.0 = Release|x64
		{6C29D3F7-2B71-47A2-B842-36720A47CEC6}.Debug|Win32.ActiveCfg = Debug|Win32
		{6C29D3F7-2B71-47A2-B842-36720A47CEC6}.Debug|Win32.Build.0 = Debug|Win32
		{6C29D3F7-2B71-47A2-B842-36720A47CEC6}.Debug|x64.ActiveCfg = Debug|x64
		{6C29D3F7-2B71-47A2-B842-36720A47CEC6}.Debug|x64.Build.0 = Debug|x64
		{6C29D3F7-2B71-47A2-B842-36720A47CEC6}.Release|Win32.ActiveCfg = Release|Win32
		{6C29D3F7-2B71-47A2-B842-36720A47CEC6}.Release|Win32.Build.0 = Release|Win32
		{6C29D3F7-2B71-47A2-B842-36720A47CEC6}.Release|x64.ActiveCfg = Release|x64
		{6C29D3F7-2B71-47A2-B842-36720A47CEC6}.Release|x64.Build.0 = Release|x64
		{95963745-D3B9-43B3-9D46-A194BD31C087}.Debug|Win32.ActiveCfg = Debug|Win32
		{95963745-D3B9-43B3-9D46-A194BD31C087}.Debug|Win32.Build.0 = Debug|Win32
		{95963745-D3B9-43B3-9D46-A194BD31C087}.Debug|x64.ActiveCfg = Debug|x64
		{95963745-D3B9-43B3-9D46-A194BD31C087}.Debug|x64.Build.0 = Debug|x64
		{95963745-D3B9-43B3-9D46-A194BD31C087}.Release|Win32.ActiveCfg = Release|Win32
		{95963745-D3B9-43B3-9D46-A194BD31C087}.Release|Win32.Build.0 = Release|Win32
		{95963745-D3B9-43B3-9D46-A194BD31C087}.Release|x64.ActiveCfg = Release|x64
		{95963745-D3B9-43B3-9D46-A194BD31C087}.Release|x64.Build.0 = Release|x64
		{DA39334A-8454-4903-888D-24B34C0139E6}.Debug|Win32.ActiveCfg = Debug|Win32
		{DA39334A-8454-4903-888D-24B34C0139E6}.Debug|Win32.Build.0 = Debug|Win32
		{DA39334A-8454-4903-888D-24B34C0139E6}.Debug|x64.ActiveCfg = Debug|x64
		{DA39334A-8454-4903-888D-24B34C0139E6}.Debug|x64.Build.0 = Debug|x64
		{DA39334A-8454-4903-888D-24B34C0139E6}.Release|Win32.ActiveCfg = Release|Win32
		{DA39334A-8454-4903-888D-24B34C0139E6}.Release|Win32.Build.0 = Release|Win32
		{DA39334A-8454-4903-888D-24B34C0139E6}.Release|x64.ActiveCfg = Release|x64
		{DA39334A-8454-4903-888D-24B34C0139E6}.Release|x64.Build.0 = Release|x64
		{00157A96-5561-4F4E-BA0A-2CB9460328DD}.Debug|Win32.ActiveCfg = Debug|Win32
		{00157A96-5561-4F4E-BA0A-2CB9460328DD}.Debug|Win32.Build.0 = Debug|Win32
		{00157A96-5561-4F4E-BA0A-2CB9460328DD}.Debug|x64.ActiveCfg = Debug|x64
		{00157A96-5561-4F4E-BA0A-2CB9460328DD}.Debug|x64.Build.0 = Debug|x64
		{00157A96-5561-4F4E-BA0A-2CB9460328DD}.Release|Win32.ActiveCfg = Release|Win32
		{00157A96-5561-4F4E-BA0A-2CB9460328DD}.Release|Win32.Build.0 = Release|Win32
		{00157A96-5561-4F4E-BA0A-2CB9460328DD}.Release|x64.ActiveCfg = Release|x64
		{00157A96-5561-4F4E-BA0A-2CB9460328DD}.Release|x64.Build.0 = Release|x64
		{CE672DAD-A76F-4916-8FEB-451099D9737E}.Debug|Win32.ActiveCfg = Debug|Win32
		{CE672DAD-A76F-4916-8FEB-451099D9737E}.Debug|Win32.Build.0 = Debug|Win32
		{CE672DAD-A76F-4916-8FEB-451099D9737E}.Debug|x64.ActiveCfg = Debug|x64
		{CE672DAD-A76F-4916-8FEB-451099D9737E}.Debug|x64.Build.0 = Debug|x64
		{CE672DAD-A76F-4916-8FEB-451099D9737E}.Release|Win32.ActiveCfg = Release|Win32
		{CE672DAD-A76F-4916-8FEB-451099D9737E}.Release|Win32.Build.0 = Release|Win32
		{CE672DAD-A76F-4916-8FEB-451099D9737E}.Release|x64.ActiveCfg = Release|x64
		{CE672DAD-A76F-4916-8FEB-451099D9737E}.Release|x64.Build.0 = Release|x64
		{8FACF3C6-4FA3-4003-BF03-15C25E050EE4}.Debug|Win32.ActiveCfg = Debug|Win32
		{8FACF3C6-4FA3-4003-BF03-15C25E050EE4}.Debug|Win32.Build.0 = Debug|Win32
		{8FACF3C6-4FA3-4003-BF03-15C25E050EE4}.Debug|x64.ActiveCfg = Debug|x64
		{8FACF3C6-4FA3-4003-BF03-15C25E050EE4}.Debug|x64.Build.0 = Debug|x64
		{8FACF3C6-4FA3-4003-BF03-15C25E050EE4}.Release|Win32.ActiveCfg = Release|Win32
		{8FACF3C6-4FA3-4003-BF03-15C25E050EE4}.Release|Win32.Build.0 = Release|Win32
		{8FACF3C6-4FA3-4003-BF03-15C25E050EE4}.Release|x64.ActiveCfg = Release|x64
		{8FACF3C6-4FA3-4003-BF03-15C25E050EE4}.Release|x64.Build.0 = Release|x64
		{164023C3-98FE-423E-93C6-9D917A232824}.Debug|Win32.ActiveCfg = Debug|Win32
		{164023C3-98FE-423E-93C6-9D917A232824}.Debug|Win32.Build.0 = Debug|Win32
		{164023C3-98FE-423E-93C6-9D917A232824}.Debug|x64.ActiveCfg = Debug|x64
		{164023C3-98FE-423E-93C6-9D917A232824}.Debug|x64.Build.0 = Debug|x64
		{164023C3-98FE-423E-93C6-9D917A232824}.Release|Win32.ActiveCfg = Release|Win32
		{164023C3-98FE-423E-93C6-9D917A232824}.Release|Win32.Build.0 = Release|Win32
		{164023C3-98FE-423E-93C6-9D917A232824}.Release|x64.ActiveCfg = Release|x64
		{164023C3-98FE-423E-93C6-9D917A232824}.Release|x64.Build.0 = Release|x64
		{480A8E5E-1740-46E6-9ACB-31863E86D394}.Debug|Win32.ActiveCfg = Debug|Win32
		{480A8E5E-1740-46E6-9ACB-31863E86D394}.Debug|Win32.Build.0 = Debug|Win32
		{480A8E5E-1740-46E6-9ACB-31863E86D394}.Debug|x64.ActiveCfg = Debug|x64
		{480A8E5E-1740-46E6-9ACB-31863E86D394}.Debug|x64.Build.0 = Debug|x64
		{480A8E5E-1740-46E6-9ACB-31863E86D394}.Release|Win32.ActiveCfg = Release|Win32
		{480A8E5E-1740-46E6-9ACB-31863E86D394}.Release|Win32.Build.0 = Release|Win32
		{480A8E5E-1740-46E6-9ACB-31863E86D394}.Release|x64.ActiveCfg = Release|x64
		{480A8E5E-1740-46E6-9ACB-31863E86D394}.Release|x64.Build.0 = Release|x64
	EndGlobalSection
	GlobalSection(SolutionProperties) = preSolution
		HideSolutionNode = FALSE
	EndGlobalSection
	GlobalSection(ExtensibilityGlobals) = postSolution
		SolutionGuid = {B854DFFF-5C05-4753-A6AE-8A16F93657F7}
	EndGlobalSection
EndGlobal
