
Microsoft Visual Studio Solution File, Format Version 11.00
# Visual Studio 2010
Project("{8BC9CEB8-8B4A-11D0-8D11-00A0C91BC942}") = "w1_1_QuickFind", "Week1_QuickFind\Week1_QuickFind.vcxproj", "{AA54F10F-42F1-411D-8653-E65FE8170C57}"
EndProject
Project("{8BC9CEB8-8B4A-11D0-8D11-00A0C91BC942}") = "w1_2_QuickUnion_Lazy", "Week1_QuickUnion_Lazy\Week1_QuickUnion_Lazy.vcxproj", "{A3293D6C-2AE3-4AC8-9BFB-995BEF166775}"
EndProject
Project("{8BC9CEB8-8B4A-11D0-8D11-00A0C91BC942}") = "w1_3_WeightedQuickUnion", "Week1_WeightedQuickUnion\Week1_WeightedQuickUnion.vcxproj", "{F6EF42CE-097D-4E75-ACEF-AC168A384FF2}"
EndProject
Project("{8BC9CEB8-8B4A-11D0-8D11-00A0C91BC942}") = "w1_4_QuickUnion_PathCompress", "QuickUnion_PathCompress\QuickUnion_PathCompress.vcxproj", "{D31985EE-A7BC-4EE8-A97B-2040C877D618}"
EndProject
Project("{8BC9CEB8-8B4A-11D0-8D11-00A0C91BC942}") = "w2_1_stacks", "w2_1_stacks\w2_1_stacks.vcxproj", "{7F19C0D6-7049-4B31-AAB6-42846995D8C7}"
EndProject
Project("{8BC9CEB8-8B4A-11D0-8D11-00A0C91BC942}") = "w2_2_queue", "w2_2_queue\w2_2_queue.vcxproj", "{ACD84F64-E269-45B2-889B-150AC29B2F5B}"
EndProject
Project("{8BC9CEB8-8B4A-11D0-8D11-00A0C91BC942}") = "w2_3_Dijkstra_two_stack_algo", "w2_3_Dijkstra_two_stack_algo\w2_3_Dijkstra_two_stack_algo.vcxproj", "{7F60723E-B311-40CE-97CE-036BACB0BBBB}"
EndProject
Project("{8BC9CEB8-8B4A-11D0-8D11-00A0C91BC942}") = "w3_1_SelectionSort", "w3_1_SelectionSort\w3_1_SelectionSort.vcxproj", "{A06ED0F5-2DD0-4E9C-9FD0-863CEBB85015}"
EndProject
Project("{8BC9CEB8-8B4A-11D0-8D11-00A0C91BC942}") = "w3_2_InsertionSort", "w3_2_InsertionSort\w3_2_InsertionSort.vcxproj", "{10B43AE1-C8E4-4399-A8BD-8D3D5A513643}"
EndProject
Project("{8BC9CEB8-8B4A-11D0-8D11-00A0C91BC942}") = "w3_3_ShellSort", "w3_3_ShellSort\w3_3_ShellSort.vcxproj", "{CB2A716D-F525-4897-85B0-80A8C7BDA649}"
EndProject
Project("{8BC9CEB8-8B4A-11D0-8D11-00A0C91BC942}") = "w3_4_shuffling", "w3_4_shuffling\w3_4_shuffling.vcxproj", "{B18C115A-8E60-461A-B838-932296702F4A}"
EndProject
Project("{8BC9CEB8-8B4A-11D0-8D11-00A0C91BC942}") = "w4_5_ConvecHull", "w4_5_ConvecHull\w4_5_ConvecHull.vcxproj", "{EEAA1D7F-0362-4EA1-BF49-79D46F598152}"
EndProject
Project("{8BC9CEB8-8B4A-11D0-8D11-00A0C91BC942}") = "w4_6_MergeSort", "w4_6_MergeSort\w4_6_MergeSort.vcxproj", "{D0C868D9-3DE7-4CDB-A8FC-65CA53095A0D}"
EndProject
Global
	GlobalSection(SolutionConfigurationPlatforms) = preSolution
		Debug|Win32 = Debug|Win32
		Release|Win32 = Release|Win32
	EndGlobalSection
	GlobalSection(ProjectConfigurationPlatforms) = postSolution
		{AA54F10F-42F1-411D-8653-E65FE8170C57}.Debug|Win32.ActiveCfg = Debug|Win32
		{AA54F10F-42F1-411D-8653-E65FE8170C57}.Debug|Win32.Build.0 = Debug|Win32
		{AA54F10F-42F1-411D-8653-E65FE8170C57}.Release|Win32.ActiveCfg = Release|Win32
		{AA54F10F-42F1-411D-8653-E65FE8170C57}.Release|Win32.Build.0 = Release|Win32
		{A3293D6C-2AE3-4AC8-9BFB-995BEF166775}.Debug|Win32.ActiveCfg = Debug|Win32
		{A3293D6C-2AE3-4AC8-9BFB-995BEF166775}.Debug|Win32.Build.0 = Debug|Win32
		{A3293D6C-2AE3-4AC8-9BFB-995BEF166775}.Release|Win32.ActiveCfg = Release|Win32
		{A3293D6C-2AE3-4AC8-9BFB-995BEF166775}.Release|Win32.Build.0 = Release|Win32
		{F6EF42CE-097D-4E75-ACEF-AC168A384FF2}.Debug|Win32.ActiveCfg = Debug|Win32
		{F6EF42CE-097D-4E75-ACEF-AC168A384FF2}.Debug|Win32.Build.0 = Debug|Win32
		{F6EF42CE-097D-4E75-ACEF-AC168A384FF2}.Release|Win32.ActiveCfg = Release|Win32
		{F6EF42CE-097D-4E75-ACEF-AC168A384FF2}.Release|Win32.Build.0 = Release|Win32
		{D31985EE-A7BC-4EE8-A97B-2040C877D618}.Debug|Win32.ActiveCfg = Debug|Win32
		{D31985EE-A7BC-4EE8-A97B-2040C877D618}.Debug|Win32.Build.0 = Debug|Win32
		{D31985EE-A7BC-4EE8-A97B-2040C877D618}.Release|Win32.ActiveCfg = Release|Win32
		{D31985EE-A7BC-4EE8-A97B-2040C877D618}.Release|Win32.Build.0 = Release|Win32
		{7F19C0D6-7049-4B31-AAB6-42846995D8C7}.Debug|Win32.ActiveCfg = Debug|Win32
		{7F19C0D6-7049-4B31-AAB6-42846995D8C7}.Debug|Win32.Build.0 = Debug|Win32
		{7F19C0D6-7049-4B31-AAB6-42846995D8C7}.Release|Win32.ActiveCfg = Release|Win32
		{7F19C0D6-7049-4B31-AAB6-42846995D8C7}.Release|Win32.Build.0 = Release|Win32
		{ACD84F64-E269-45B2-889B-150AC29B2F5B}.Debug|Win32.ActiveCfg = Debug|Win32
		{ACD84F64-E269-45B2-889B-150AC29B2F5B}.Debug|Win32.Build.0 = Debug|Win32
		{ACD84F64-E269-45B2-889B-150AC29B2F5B}.Release|Win32.ActiveCfg = Release|Win32
		{ACD84F64-E269-45B2-889B-150AC29B2F5B}.Release|Win32.Build.0 = Release|Win32
		{7F60723E-B311-40CE-97CE-036BACB0BBBB}.Debug|Win32.ActiveCfg = Debug|Win32
		{7F60723E-B311-40CE-97CE-036BACB0BBBB}.Debug|Win32.Build.0 = Debug|Win32
		{7F60723E-B311-40CE-97CE-036BACB0BBBB}.Release|Win32.ActiveCfg = Release|Win32
		{7F60723E-B311-40CE-97CE-036BACB0BBBB}.Release|Win32.Build.0 = Release|Win32
		{A06ED0F5-2DD0-4E9C-9FD0-863CEBB85015}.Debug|Win32.ActiveCfg = Debug|Win32
		{A06ED0F5-2DD0-4E9C-9FD0-863CEBB85015}.Debug|Win32.Build.0 = Debug|Win32
		{A06ED0F5-2DD0-4E9C-9FD0-863CEBB85015}.Release|Win32.ActiveCfg = Release|Win32
		{A06ED0F5-2DD0-4E9C-9FD0-863CEBB85015}.Release|Win32.Build.0 = Release|Win32
		{10B43AE1-C8E4-4399-A8BD-8D3D5A513643}.Debug|Win32.ActiveCfg = Debug|Win32
		{10B43AE1-C8E4-4399-A8BD-8D3D5A513643}.Debug|Win32.Build.0 = Debug|Win32
		{10B43AE1-C8E4-4399-A8BD-8D3D5A513643}.Release|Win32.ActiveCfg = Release|Win32
		{10B43AE1-C8E4-4399-A8BD-8D3D5A513643}.Release|Win32.Build.0 = Release|Win32
		{CB2A716D-F525-4897-85B0-80A8C7BDA649}.Debug|Win32.ActiveCfg = Debug|Win32
		{CB2A716D-F525-4897-85B0-80A8C7BDA649}.Debug|Win32.Build.0 = Debug|Win32
		{CB2A716D-F525-4897-85B0-80A8C7BDA649}.Release|Win32.ActiveCfg = Release|Win32
		{CB2A716D-F525-4897-85B0-80A8C7BDA649}.Release|Win32.Build.0 = Release|Win32
		{B18C115A-8E60-461A-B838-932296702F4A}.Debug|Win32.ActiveCfg = Debug|Win32
		{B18C115A-8E60-461A-B838-932296702F4A}.Debug|Win32.Build.0 = Debug|Win32
		{B18C115A-8E60-461A-B838-932296702F4A}.Release|Win32.ActiveCfg = Release|Win32
		{B18C115A-8E60-461A-B838-932296702F4A}.Release|Win32.Build.0 = Release|Win32
		{EEAA1D7F-0362-4EA1-BF49-79D46F598152}.Debug|Win32.ActiveCfg = Debug|Win32
		{EEAA1D7F-0362-4EA1-BF49-79D46F598152}.Debug|Win32.Build.0 = Debug|Win32
		{EEAA1D7F-0362-4EA1-BF49-79D46F598152}.Release|Win32.ActiveCfg = Release|Win32
		{EEAA1D7F-0362-4EA1-BF49-79D46F598152}.Release|Win32.Build.0 = Release|Win32
		{D0C868D9-3DE7-4CDB-A8FC-65CA53095A0D}.Debug|Win32.ActiveCfg = Debug|Win32
		{D0C868D9-3DE7-4CDB-A8FC-65CA53095A0D}.Debug|Win32.Build.0 = Debug|Win32
		{D0C868D9-3DE7-4CDB-A8FC-65CA53095A0D}.Release|Win32.ActiveCfg = Release|Win32
		{D0C868D9-3DE7-4CDB-A8FC-65CA53095A0D}.Release|Win32.Build.0 = Release|Win32
	EndGlobalSection
	GlobalSection(SolutionProperties) = preSolution
		HideSolutionNode = FALSE
	EndGlobalSection
EndGlobal
